
Microsoft Visual Studio Solution File, Format Version 12.00
# Visual Studio Version 16
VisualStudioVersion = 16.0.30711.63
MinimumVisualStudioVersion = 10.0.40219.1
Project("{FAE04EC0-301F-11D3-BF4B-00C04F79EFBC}") = "Ibtikar_VisualArtPlatform", "Ibtikar_VisualArtPlatform\Ibtikar_VisualArtPlatform.csproj", "{AE214433-BD6C-44CA-816B-231B41DD3554}"
EndProject
Global
	GlobalSection(SolutionConfigurationPlatforms) = preSolution
		Debug|Any CPU = Debug|Any CPU
		Release|Any CPU = Release|Any CPU
	EndGlobalSection
	GlobalSection(ProjectConfigurationPlatforms) = postSolution
		{AE214433-BD6C-44CA-816B-231B41DD3554}.Debug|Any CPU.ActiveCfg = Debug|Any CPU
		{AE214433-BD6C-44CA-816B-231B41DD3554}.Debug|Any CPU.Build.0 = Debug|Any CPU
		{AE214433-BD6C-44CA-816B-231B41DD3554}.Release|Any CPU.ActiveCfg = Release|Any CPU
		{AE214433-BD6C-44CA-816B-231B41DD3554}.Release|Any CPU.Build.0 = Release|Any CPU
	EndGlobalSection
	GlobalSection(SolutionProperties) = preSolution
		HideSolutionNode = FALSE
	EndGlobalSection
	GlobalSection(ExtensibilityGlobals) = postSolution
		SolutionGuid = {B591E708-1218-4683-86F1-552F6B9CB128}
	EndGlobalSection
EndGlobal
